// !$*UTF8*$!
{
	archiveVersion = 1;
	classes = {
	};
	objectVersion = 56;
	objects = {

/* Begin PBXBuildFile section */
		2DA67D6229B62CB100064D86 /* AppDelegate.swift in Sources */ = {isa = PBXBuildFile; fileRef = 2DA67D6129B62CB100064D86 /* AppDelegate.swift */; };
		2DA67D6429B62CB100064D86 /* SceneDelegate.swift in Sources */ = {isa = PBXBuildFile; fileRef = 2DA67D6329B62CB100064D86 /* SceneDelegate.swift */; };
		2DA67D6629B62CB100064D86 /* ViewController.swift in Sources */ = {isa = PBXBuildFile; fileRef = 2DA67D6529B62CB100064D86 /* ViewController.swift */; };
		2DA67D6929B62CB100064D86 /* Main.storyboard in Resources */ = {isa = PBXBuildFile; fileRef = 2DA67D6729B62CB100064D86 /* Main.storyboard */; };
		2DA67D6B29B62CB200064D86 /* Assets.xcassets in Resources */ = {isa = PBXBuildFile; fileRef = 2DA67D6A29B62CB200064D86 /* Assets.xcassets */; };
		2DA67D6E29B62CB200064D86 /* LaunchScreen.storyboard in Resources */ = {isa = PBXBuildFile; fileRef = 2DA67D6C29B62CB200064D86 /* LaunchScreen.storyboard */; };
		2DA67D7729B62CFB00064D86 /* UIColor+.swift in Sources */ = {isa = PBXBuildFile; fileRef = 2DA67D7629B62CFB00064D86 /* UIColor+.swift */; };
		2DA67D7929B6323300064D86 /* UIFont+.swift in Sources */ = {isa = PBXBuildFile; fileRef = 2DA67D7829B6323300064D86 /* UIFont+.swift */; };
		2DA67D8929B6327F00064D86 /* Inter-Medium.ttf in Resources */ = {isa = PBXBuildFile; fileRef = 2DA67D7D29B6327F00064D86 /* Inter-Medium.ttf */; };
		2DA67D9129B6327F00064D86 /* Inter-SemiBold.ttf in Resources */ = {isa = PBXBuildFile; fileRef = 2DA67D8529B6327F00064D86 /* Inter-SemiBold.ttf */; };
		2DA67D9629B634F800064D86 /* UILabel+.swift in Sources */ = {isa = PBXBuildFile; fileRef = 2DA67D9529B634F800064D86 /* UILabel+.swift */; };
		2DA67D9929B6392D00064D86 /* CustomButton.swift in Sources */ = {isa = PBXBuildFile; fileRef = 2DA67D9829B6392D00064D86 /* CustomButton.swift */; };
/* End PBXBuildFile section */

/* Begin PBXFileReference section */
		2DA67D5E29B62CB100064D86 /* BasicNoteApp.app */ = {isa = PBXFileReference; explicitFileType = wrapper.application; includeInIndex = 0; path = BasicNoteApp.app; sourceTree = BUILT_PRODUCTS_DIR; };
		2DA67D6129B62CB100064D86 /* AppDelegate.swift */ = {isa = PBXFileReference; lastKnownFileType = sourcecode.swift; path = AppDelegate.swift; sourceTree = "<group>"; };
		2DA67D6329B62CB100064D86 /* SceneDelegate.swift */ = {isa = PBXFileReference; lastKnownFileType = sourcecode.swift; path = SceneDelegate.swift; sourceTree = "<group>"; };
		2DA67D6529B62CB100064D86 /* ViewController.swift */ = {isa = PBXFileReference; lastKnownFileType = sourcecode.swift; path = ViewController.swift; sourceTree = "<group>"; };
		2DA67D6829B62CB100064D86 /* Base */ = {isa = PBXFileReference; lastKnownFileType = file.storyboard; name = Base; path = Base.lproj/Main.storyboard; sourceTree = "<group>"; };
		2DA67D6A29B62CB200064D86 /* Assets.xcassets */ = {isa = PBXFileReference; lastKnownFileType = folder.assetcatalog; path = Assets.xcassets; sourceTree = "<group>"; };
		2DA67D6D29B62CB200064D86 /* Base */ = {isa = PBXFileReference; lastKnownFileType = file.storyboard; name = Base; path = Base.lproj/LaunchScreen.storyboard; sourceTree = "<group>"; };
		2DA67D6F29B62CB200064D86 /* Info.plist */ = {isa = PBXFileReference; lastKnownFileType = text.plist.xml; path = Info.plist; sourceTree = "<group>"; };
		2DA67D7629B62CFB00064D86 /* UIColor+.swift */ = {isa = PBXFileReference; lastKnownFileType = sourcecode.swift; path = "UIColor+.swift"; sourceTree = "<group>"; };
		2DA67D7829B6323300064D86 /* UIFont+.swift */ = {isa = PBXFileReference; lastKnownFileType = sourcecode.swift; path = "UIFont+.swift"; sourceTree = "<group>"; };
		2DA67D7D29B6327F00064D86 /* Inter-Medium.ttf */ = {isa = PBXFileReference; lastKnownFileType = file; path = "Inter-Medium.ttf"; sourceTree = "<group>"; };
		2DA67D8529B6327F00064D86 /* Inter-SemiBold.ttf */ = {isa = PBXFileReference; lastKnownFileType = file; path = "Inter-SemiBold.ttf"; sourceTree = "<group>"; };
		2DA67D9529B634F800064D86 /* UILabel+.swift */ = {isa = PBXFileReference; lastKnownFileType = sourcecode.swift; path = "UILabel+.swift"; sourceTree = "<group>"; };
		2DA67D9829B6392D00064D86 /* CustomButton.swift */ = {isa = PBXFileReference; lastKnownFileType = sourcecode.swift; path = CustomButton.swift; sourceTree = "<group>"; };
/* End PBXFileReference section */

/* Begin PBXFrameworksBuildPhase section */
		2DA67D5B29B62CB100064D86 /* Frameworks */ = {
			isa = PBXFrameworksBuildPhase;
			buildActionMask = 2147483647;
			files = (
			);
			runOnlyForDeploymentPostprocessing = 0;
		};
/* End PBXFrameworksBuildPhase section */

/* Begin PBXGroup section */
		2DA67D5529B62CB100064D86 = {
			isa = PBXGroup;
			children = (
				2DA67D6029B62CB100064D86 /* BasicNoteApp */,
				2DA67D5F29B62CB100064D86 /* Products */,
			);
			sourceTree = "<group>";
		};
		2DA67D5F29B62CB100064D86 /* Products */ = {
			isa = PBXGroup;
			children = (
				2DA67D5E29B62CB100064D86 /* BasicNoteApp.app */,
			);
			name = Products;
			sourceTree = "<group>";
		};
		2DA67D6029B62CB100064D86 /* BasicNoteApp */ = {
			isa = PBXGroup;
			children = (
				2DA67D9729B6387200064D86 /* Components */,
				2DA67D9429B634F200064D86 /* Extensions */,
				2DA67D7A29B6327F00064D86 /* Inter */,
				2DA67D7529B62CF000064D86 /* Helpers */,
				2DA67D6129B62CB100064D86 /* AppDelegate.swift */,
				2DA67D6329B62CB100064D86 /* SceneDelegate.swift */,
				2DA67D6529B62CB100064D86 /* ViewController.swift */,
				2DA67D6729B62CB100064D86 /* Main.storyboard */,
				2DA67D6A29B62CB200064D86 /* Assets.xcassets */,
				2DA67D6C29B62CB200064D86 /* LaunchScreen.storyboard */,
				2DA67D6F29B62CB200064D86 /* Info.plist */,
			);
			path = BasicNoteApp;
			sourceTree = "<group>";
		};
		2DA67D7529B62CF000064D86 /* Helpers */ = {
			isa = PBXGroup;
			children = (
				2DA67D7629B62CFB00064D86 /* UIColor+.swift */,
				2DA67D7829B6323300064D86 /* UIFont+.swift */,
			);
			path = Helpers;
			sourceTree = "<group>";
		};
		2DA67D7A29B6327F00064D86 /* Inter */ = {
			isa = PBXGroup;
			children = (
				2DA67D7D29B6327F00064D86 /* Inter-Medium.ttf */,
				2DA67D8529B6327F00064D86 /* Inter-SemiBold.ttf */,
			);
			path = Inter;
			sourceTree = "<group>";
		};
		2DA67D9429B634F200064D86 /* Extensions */ = {
			isa = PBXGroup;
			children = (
				2DA67D9529B634F800064D86 /* UILabel+.swift */,
			);
			path = Extensions;
			sourceTree = "<group>";
		};
		2DA67D9729B6387200064D86 /* Components */ = {
			isa = PBXGroup;
			children = (
				2DA67D9829B6392D00064D86 /* CustomButton.swift */,
			);
			path = Components;
			sourceTree = "<group>";
		};
/* End PBXGroup section */

/* Begin PBXNativeTarget section */
		2DA67D5D29B62CB100064D86 /* BasicNoteApp */ = {
			isa = PBXNativeTarget;
			buildConfigurationList = 2DA67D7229B62CB200064D86 /* Build configuration list for PBXNativeTarget "BasicNoteApp" */;
			buildPhases = (
				2DA67D5A29B62CB100064D86 /* Sources */,
				2DA67D5B29B62CB100064D86 /* Frameworks */,
				2DA67D5C29B62CB100064D86 /* Resources */,
			);
			buildRules = (
			);
			dependencies = (
			);
			name = BasicNoteApp;
			productName = BasicNoteApp;
			productReference = 2DA67D5E29B62CB100064D86 /* BasicNoteApp.app */;
			productType = "com.apple.product-type.application";
		};
/* End PBXNativeTarget section */

/* Begin PBXProject section */
		2DA67D5629B62CB100064D86 /* Project object */ = {
			isa = PBXProject;
			attributes = {
				BuildIndependentTargetsInParallel = 1;
				LastSwiftUpdateCheck = 1420;
				LastUpgradeCheck = 1420;
				TargetAttributes = {
					2DA67D5D29B62CB100064D86 = {
						CreatedOnToolsVersion = 14.2;
					};
				};
			};
			buildConfigurationList = 2DA67D5929B62CB100064D86 /* Build configuration list for PBXProject "BasicNoteApp" */;
			compatibilityVersion = "Xcode 14.0";
			developmentRegion = en;
			hasScannedForEncodings = 0;
			knownRegions = (
				en,
				Base,
			);
			mainGroup = 2DA67D5529B62CB100064D86;
			productRefGroup = 2DA67D5F29B62CB100064D86 /* Products */;
			projectDirPath = "";
			projectRoot = "";
			targets = (
				2DA67D5D29B62CB100064D86 /* BasicNoteApp */,
			);
		};
/* End PBXProject section */

/* Begin PBXResourcesBuildPhase section */
		2DA67D5C29B62CB100064D86 /* Resources */ = {
			isa = PBXResourcesBuildPhase;
			buildActionMask = 2147483647;
			files = (
				2DA67D6E29B62CB200064D86 /* LaunchScreen.storyboard in Resources */,
				2DA67D9129B6327F00064D86 /* Inter-SemiBold.ttf in Resources */,
				2DA67D6B29B62CB200064D86 /* Assets.xcassets in Resources */,
				2DA67D8929B6327F00064D86 /* Inter-Medium.ttf in Resources */,
				2DA67D6929B62CB100064D86 /* Main.storyboard in Resources */,
			);
			runOnlyForDeploymentPostprocessing = 0;
		};
/* End PBXResourcesBuildPhase section */

/* Begin PBXSourcesBuildPhase section */
		2DA67D5A29B62CB100064D86 /* Sources */ = {
			isa = PBXSourcesBuildPhase;
			buildActionMask = 2147483647;
			files = (
				2DA67D9629B634F800064D86 /* UILabel+.swift in Sources */,
				2DA67D6629B62CB100064D86 /* ViewController.swift in Sources */,
				2DA67D7729B62CFB00064D86 /* UIColor+.swift in Sources */,
				2DA67D7929B6323300064D86 /* UIFont+.swift in Sources */,
				2DA67D9929B6392D00064D86 /* CustomButton.swift in Sources */,
				2DA67D6229B62CB100064D86 /* AppDelegate.swift in Sources */,
				2DA67D6429B62CB100064D86 /* SceneDelegate.swift in Sources */,
			);
			runOnlyForDeploymentPostprocessing = 0;
		};
/* End PBXSourcesBuildPhase section */

/* Begin PBXVariantGroup section */
		2DA67D6729B62CB100064D86 /* Main.storyboard */ = {
			isa = PBXVariantGroup;
			children = (
				2DA67D6829B62CB100064D86 /* Base */,
			);
			name = Main.storyboard;
			sourceTree = "<group>";
		};
		2DA67D6C29B62CB200064D86 /* LaunchScreen.storyboard */ = {
			isa = PBXVariantGroup;
			children = (
				2DA67D6D29B62CB200064D86 /* Base */,
			);
			name = LaunchScreen.storyboard;
			sourceTree = "<group>";
		};
/* End PBXVariantGroup section */

/* Begin XCBuildConfiguration section */
		2DA67D7029B62CB200064D86 /* Debug */ = {
			isa = XCBuildConfiguration;
			buildSettings = {
				ALWAYS_SEARCH_USER_PATHS = NO;
				CLANG_ANALYZER_NONNULL = YES;
				CLANG_ANALYZER_NUMBER_OBJECT_CONVERSION = YES_AGGRESSIVE;
				CLANG_CXX_LANGUAGE_STANDARD = "gnu++20";
				CLANG_ENABLE_MODULES = YES;
				CLANG_ENABLE_OBJC_ARC = YES;
				CLANG_ENABLE_OBJC_WEAK = YES;
				CLANG_WARN_BLOCK_CAPTURE_AUTORELEASING = YES;
				CLANG_WARN_BOOL_CONVERSION = YES;
				CLANG_WARN_COMMA = YES;
				CLANG_WARN_CONSTANT_CONVERSION = YES;
				CLANG_WARN_DEPRECATED_OBJC_IMPLEMENTATIONS = YES;
				CLANG_WARN_DIRECT_OBJC_ISA_USAGE = YES_ERROR;
				CLANG_WARN_DOCUMENTATION_COMMENTS = YES;
				CLANG_WARN_EMPTY_BODY = YES;
				CLANG_WARN_ENUM_CONVERSION = YES;
				CLANG_WARN_INFINITE_RECURSION = YES;
				CLANG_WARN_INT_CONVERSION = YES;
				CLANG_WARN_NON_LITERAL_NULL_CONVERSION = YES;
				CLANG_WARN_OBJC_IMPLICIT_RETAIN_SELF = YES;
				CLANG_WARN_OBJC_LITERAL_CONVERSION = YES;
				CLANG_WARN_OBJC_ROOT_CLASS = YES_ERROR;
				CLANG_WARN_QUOTED_INCLUDE_IN_FRAMEWORK_HEADER = YES;
				CLANG_WARN_RANGE_LOOP_ANALYSIS = YES;
				CLANG_WARN_STRICT_PROTOTYPES = YES;
				CLANG_WARN_SUSPICIOUS_MOVE = YES;
				CLANG_WARN_UNGUARDED_AVAILABILITY = YES_AGGRESSIVE;
				CLANG_WARN_UNREACHABLE_CODE = YES;
				CLANG_WARN__DUPLICATE_METHOD_MATCH = YES;
				COPY_PHASE_STRIP = NO;
				DEBUG_INFORMATION_FORMAT = dwarf;
				ENABLE_STRICT_OBJC_MSGSEND = YES;
				ENABLE_TESTABILITY = YES;
				GCC_C_LANGUAGE_STANDARD = gnu11;
				GCC_DYNAMIC_NO_PIC = NO;
				GCC_NO_COMMON_BLOCKS = YES;
				GCC_OPTIMIZATION_LEVEL = 0;
				GCC_PREPROCESSOR_DEFINITIONS = (
					"DEBUG=1",
					"$(inherited)",
				);
				GCC_WARN_64_TO_32_BIT_CONVERSION = YES;
				GCC_WARN_ABOUT_RETURN_TYPE = YES_ERROR;
				GCC_WARN_UNDECLARED_SELECTOR = YES;
				GCC_WARN_UNINITIALIZED_AUTOS = YES_AGGRESSIVE;
				GCC_WARN_UNUSED_FUNCTION = YES;
				GCC_WARN_UNUSED_VARIABLE = YES;
				IPHONEOS_DEPLOYMENT_TARGET = 16.2;
				MTL_ENABLE_DEBUG_INFO = INCLUDE_SOURCE;
				MTL_FAST_MATH = YES;
				ONLY_ACTIVE_ARCH = YES;
				SDKROOT = iphoneos;
				SWIFT_ACTIVE_COMPILATION_CONDITIONS = DEBUG;
				SWIFT_OPTIMIZATION_LEVEL = "-Onone";
			};
			name = Debug;
		};
		2DA67D7129B62CB200064D86 /* Release */ = {
			isa = XCBuildConfiguration;
			buildSettings = {
				ALWAYS_SEARCH_USER_PATHS = NO;
				CLANG_ANALYZER_NONNULL = YES;
				CLANG_ANALYZER_NUMBER_OBJECT_CONVERSION = YES_AGGRESSIVE;
				CLANG_CXX_LANGUAGE_STANDARD = "gnu++20";
				CLANG_ENABLE_MODULES = YES;
				CLANG_ENABLE_OBJC_ARC = YES;
				CLANG_ENABLE_OBJC_WEAK = YES;
				CLANG_WARN_BLOCK_CAPTURE_AUTORELEASING = YES;
				CLANG_WARN_BOOL_CONVERSION = YES;
				CLANG_WARN_COMMA = YES;
				CLANG_WARN_CONSTANT_CONVERSION = YES;
				CLANG_WARN_DEPRECATED_OBJC_IMPLEMENTATIONS = YES;
				CLANG_WARN_DIRECT_OBJC_ISA_USAGE = YES_ERROR;
				CLANG_WARN_DOCUMENTATION_COMMENTS = YES;
				CLANG_WARN_EMPTY_BODY = YES;
				CLANG_WARN_ENUM_CONVERSION = YES;
				CLANG_WARN_INFINITE_RECURSION = YES;
				CLANG_WARN_INT_CONVERSION = YES;
				CLANG_WARN_NON_LITERAL_NULL_CONVERSION = YES;
				CLANG_WARN_OBJC_IMPLICIT_RETAIN_SELF = YES;
				CLANG_WARN_OBJC_LITERAL_CONVERSION = YES;
				CLANG_WARN_OBJC_ROOT_CLASS = YES_ERROR;
				CLANG_WARN_QUOTED_INCLUDE_IN_FRAMEWORK_HEADER = YES;
				CLANG_WARN_RANGE_LOOP_ANALYSIS = YES;
				CLANG_WARN_STRICT_PROTOTYPES = YES;
				CLANG_WARN_SUSPICIOUS_MOVE = YES;
				CLANG_WARN_UNGUARDED_AVAILABILITY = YES_AGGRESSIVE;
				CLANG_WARN_UNREACHABLE_CODE = YES;
				CLANG_WARN__DUPLICATE_METHOD_MATCH = YES;
				COPY_PHASE_STRIP = NO;
				DEBUG_INFORMATION_FORMAT = "dwarf-with-dsym";
				ENABLE_NS_ASSERTIONS = NO;
				ENABLE_STRICT_OBJC_MSGSEND = YES;
				GCC_C_LANGUAGE_STANDARD = gnu11;
				GCC_NO_COMMON_BLOCKS = YES;
				GCC_WARN_64_TO_32_BIT_CONVERSION = YES;
				GCC_WARN_ABOUT_RETURN_TYPE = YES_ERROR;
				GCC_WARN_UNDECLARED_SELECTOR = YES;
				GCC_WARN_UNINITIALIZED_AUTOS = YES_AGGRESSIVE;
				GCC_WARN_UNUSED_FUNCTION = YES;
				GCC_WARN_UNUSED_VARIABLE = YES;
				IPHONEOS_DEPLOYMENT_TARGET = 16.2;
				MTL_ENABLE_DEBUG_INFO = NO;
				MTL_FAST_MATH = YES;
				SDKROOT = iphoneos;
				SWIFT_COMPILATION_MODE = wholemodule;
				SWIFT_OPTIMIZATION_LEVEL = "-O";
				VALIDATE_PRODUCT = YES;
			};
			name = Release;
		};
		2DA67D7329B62CB200064D86 /* Debug */ = {
			isa = XCBuildConfiguration;
			buildSettings = {
				ASSETCATALOG_COMPILER_APPICON_NAME = AppIcon;
				ASSETCATALOG_COMPILER_GLOBAL_ACCENT_COLOR_NAME = AccentColor;
				CODE_SIGN_STYLE = Automatic;
				CURRENT_PROJECT_VERSION = 1;
				DEVELOPMENT_TEAM = HG8VJQPKXZ;
				GENERATE_INFOPLIST_FILE = YES;
				INFOPLIST_FILE = BasicNoteApp/Info.plist;
				INFOPLIST_KEY_UIApplicationSupportsIndirectInputEvents = YES;
				INFOPLIST_KEY_UILaunchStoryboardName = LaunchScreen;
				INFOPLIST_KEY_UIMainStoryboardFile = Main;
				INFOPLIST_KEY_UISupportedInterfaceOrientations_iPad = "UIInterfaceOrientationPortrait UIInterfaceOrientationPortraitUpsideDown UIInterfaceOrientationLandscapeLeft UIInterfaceOrientationLandscapeRight";
				INFOPLIST_KEY_UISupportedInterfaceOrientations_iPhone = "UIInterfaceOrientationPortrait UIInterfaceOrientationLandscapeLeft UIInterfaceOrientationLandscapeRight";
				LD_RUNPATH_SEARCH_PATHS = (
					"$(inherited)",
					"@executable_path/Frameworks",
				);
				MARKETING_VERSION = 1.0;
				PRODUCT_BUNDLE_IDENTIFIER = dev.nsemir.BasicNoteApp;
				PRODUCT_NAME = "$(TARGET_NAME)";
				SWIFT_EMIT_LOC_STRINGS = YES;
				SWIFT_VERSION = 5.0;
				TARGETED_DEVICE_FAMILY = "1,2";
			};
			name = Debug;
		};
		2DA67D7429B62CB200064D86 /* Release */ = {
			isa = XCBuildConfiguration;
			buildSettings = {
				ASSETCATALOG_COMPILER_APPICON_NAME = AppIcon;
				ASSETCATALOG_COMPILER_GLOBAL_ACCENT_COLOR_NAME = AccentColor;
				CODE_SIGN_STYLE = Automatic;
				CURRENT_PROJECT_VERSION = 1;
				DEVELOPMENT_TEAM = HG8VJQPKXZ;
				GENERATE_INFOPLIST_FILE = YES;
				INFOPLIST_FILE = BasicNoteApp/Info.plist;
				INFOPLIST_KEY_UIApplicationSupportsIndirectInputEvents = YES;
				INFOPLIST_KEY_UILaunchStoryboardName = LaunchScreen;
				INFOPLIST_KEY_UIMainStoryboardFile = Main;
				INFOPLIST_KEY_UISupportedInterfaceOrientations_iPad = "UIInterfaceOrientationPortrait UIInterfaceOrientationPortraitUpsideDown UIInterfaceOrientationLandscapeLeft UIInterfaceOrientationLandscapeRight";
				INFOPLIST_KEY_UISupportedInterfaceOrientations_iPhone = "UIInterfaceOrientationPortrait UIInterfaceOrientationLandscapeLeft UIInterfaceOrientationLandscapeRight";
				LD_RUNPATH_SEARCH_PATHS = (
					"$(inherited)",
					"@executable_path/Frameworks",
				);
				MARKETING_VERSION = 1.0;
				PRODUCT_BUNDLE_IDENTIFIER = dev.nsemir.BasicNoteApp;
				PRODUCT_NAME = "$(TARGET_NAME)";
				SWIFT_EMIT_LOC_STRINGS = YES;
				SWIFT_VERSION = 5.0;
				TARGETED_DEVICE_FAMILY = "1,2";
			};
			name = Release;
		};
/* End XCBuildConfiguration section */

/* Begin XCConfigurationList section */
		2DA67D5929B62CB100064D86 /* Build configuration list for PBXProject "BasicNoteApp" */ = {
			isa = XCConfigurationList;
			buildConfigurations = (
				2DA67D7029B62CB200064D86 /* Debug */,
				2DA67D7129B62CB200064D86 /* Release */,
			);
			defaultConfigurationIsVisible = 0;
			defaultConfigurationName = Release;
		};
		2DA67D7229B62CB200064D86 /* Build configuration list for PBXNativeTarget "BasicNoteApp" */ = {
			isa = XCConfigurationList;
			buildConfigurations = (
				2DA67D7329B62CB200064D86 /* Debug */,
				2DA67D7429B62CB200064D86 /* Release */,
			);
			defaultConfigurationIsVisible = 0;
			defaultConfigurationName = Release;
		};
/* End XCConfigurationList section */
	};
	rootObject = 2DA67D5629B62CB100064D86 /* Project object */;
}
